// !$*UTF8*$!
{
	archiveVersion = 1;
	classes = {
	};
	objectVersion = 46;
	objects = {

/* Begin PBXBuildFile section */
		63336C9B1D96815800D7F2A3 /* AppDelegate.swift in Sources */ = {isa = PBXBuildFile; fileRef = 63336C9A1D96815800D7F2A3 /* AppDelegate.swift */; };
		63336C9D1D96815800D7F2A3 /* ViewController.swift in Sources */ = {isa = PBXBuildFile; fileRef = 63336C9C1D96815800D7F2A3 /* ViewController.swift */; };
		63336CA01D96815800D7F2A3 /* Main.storyboard in Resources */ = {isa = PBXBuildFile; fileRef = 63336C9E1D96815800D7F2A3 /* Main.storyboard */; };
		63336CA21D96815800D7F2A3 /* Assets.xcassets in Resources */ = {isa = PBXBuildFile; fileRef = 63336CA11D96815800D7F2A3 /* Assets.xcassets */; };
		63336CA51D96815800D7F2A3 /* LaunchScreen.storyboard in Resources */ = {isa = PBXBuildFile; fileRef = 63336CA31D96815800D7F2A3 /* LaunchScreen.storyboard */; };
		63336CAD1D9698FE00D7F2A3 /* Minecraft.ttf in Resources */ = {isa = PBXBuildFile; fileRef = 63336CAC1D9698FE00D7F2A3 /* Minecraft.ttf */; };
		63336CAF1D96D01500D7F2A3 /* btn.wav in Resources */ = {isa = PBXBuildFile; fileRef = 63336CAE1D96D01500D7F2A3 /* btn.wav */; };
/* End PBXBuildFile section */

/* Begin PBXFileReference section */
		63336C971D96815800D7F2A3 /* retro-calculator.app */ = {isa = PBXFileReference; explicitFileType = wrapper.application; includeInIndex = 0; path = "retro-calculator.app"; sourceTree = BUILT_PRODUCTS_DIR; };
		63336C9A1D96815800D7F2A3 /* AppDelegate.swift */ = {isa = PBXFileReference; lastKnownFileType = sourcecode.swift; path = AppDelegate.swift; sourceTree = "<group>"; };
		63336C9C1D96815800D7F2A3 /* ViewController.swift */ = {isa = PBXFileReference; lastKnownFileType = sourcecode.swift; path = ViewController.swift; sourceTree = "<group>"; };
		63336C9F1D96815800D7F2A3 /* Base */ = {isa = PBXFileReference; lastKnownFileType = file.storyboard; name = Base; path = Base.lproj/Main.storyboard; sourceTree = "<group>"; };
		63336CA11D96815800D7F2A3 /* Assets.xcassets */ = {isa = PBXFileReference; lastKnownFileType = folder.assetcatalog; path = Assets.xcassets; sourceTree = "<group>"; };
		63336CA41D96815800D7F2A3 /* Base */ = {isa = PBXFileReference; lastKnownFileType = file.storyboard; name = Base; path = Base.lproj/LaunchScreen.storyboard; sourceTree = "<group>"; };
		63336CA61D96815800D7F2A3 /* Info.plist */ = {isa = PBXFileReference; lastKnownFileType = text.plist.xml; path = Info.plist; sourceTree = "<group>"; };
		63336CAC1D9698FE00D7F2A3 /* Minecraft.ttf */ = {isa = PBXFileReference; lastKnownFileType = file; name = Minecraft.ttf; path = ../Minecraft.ttf; sourceTree = "<group>"; };
		63336CAE1D96D01500D7F2A3 /* btn.wav */ = {isa = PBXFileReference; lastKnownFileType = audio.wav; path = btn.wav; sourceTree = "<group>"; };
/* End PBXFileReference section */

/* Begin PBXFrameworksBuildPhase section */
		63336C941D96815700D7F2A3 /* Frameworks */ = {
			isa = PBXFrameworksBuildPhase;
			buildActionMask = 2147483647;
			files = (
			);
			runOnlyForDeploymentPostprocessing = 0;
		};
/* End PBXFrameworksBuildPhase section */

/* Begin PBXGroup section */
		63336C8E1D96815700D7F2A3 = {
			isa = PBXGroup;
			children = (
				63336C991D96815800D7F2A3 /* retro-calculator */,
				63336C981D96815800D7F2A3 /* Products */,
			);
			sourceTree = "<group>";
		};
		63336C981D96815800D7F2A3 /* Products */ = {
			isa = PBXGroup;
			children = (
				63336C971D96815800D7F2A3 /* retro-calculator.app */,
			);
			name = Products;
			sourceTree = "<group>";
		};
		63336C991D96815800D7F2A3 /* retro-calculator */ = {
			isa = PBXGroup;
			children = (
				63336CAC1D9698FE00D7F2A3 /* Minecraft.ttf */,
				63336C9A1D96815800D7F2A3 /* AppDelegate.swift */,
				63336C9C1D96815800D7F2A3 /* ViewController.swift */,
				63336C9E1D96815800D7F2A3 /* Main.storyboard */,
				63336CA11D96815800D7F2A3 /* Assets.xcassets */,
				63336CA31D96815800D7F2A3 /* LaunchScreen.storyboard */,
				63336CA61D96815800D7F2A3 /* Info.plist */,
				63336CAE1D96D01500D7F2A3 /* btn.wav */,
			);
			path = "retro-calculator";
			sourceTree = "<group>";
		};
/* End PBXGroup section */

/* Begin PBXNativeTarget section */
		63336C961D96815700D7F2A3 /* retro-calculator */ = {
			isa = PBXNativeTarget;
			buildConfigurationList = 63336CA91D96815800D7F2A3 /* Build configuration list for PBXNativeTarget "retro-calculator" */;
			buildPhases = (
				63336C931D96815700D7F2A3 /* Sources */,
				63336C941D96815700D7F2A3 /* Frameworks */,
				63336C951D96815700D7F2A3 /* Resources */,
			);
			buildRules = (
			);
			dependencies = (
			);
			name = "retro-calculator";
			productName = "retro-calculator";
			productReference = 63336C971D96815800D7F2A3 /* retro-calculator.app */;
			productType = "com.apple.product-type.application";
		};
/* End PBXNativeTarget section */

/* Begin PBXProject section */
		63336C8F1D96815700D7F2A3 /* Project object */ = {
			isa = PBXProject;
			attributes = {
				LastSwiftUpdateCheck = 0800;
				LastUpgradeCheck = 0800;
				ORGANIZATIONNAME = Dianadianapinkberry;
				TargetAttributes = {
					63336C961D96815700D7F2A3 = {
						CreatedOnToolsVersion = 8.0;
						ProvisioningStyle = Automatic;
					};
				};
			};
			buildConfigurationList = 63336C921D96815700D7F2A3 /* Build configuration list for PBXProject "retro-calculator" */;
			compatibilityVersion = "Xcode 3.2";
			developmentRegion = English;
			hasScannedForEncodings = 0;
			knownRegions = (
				en,
				Base,
			);
			mainGroup = 63336C8E1D96815700D7F2A3;
			productRefGroup = 63336C981D96815800D7F2A3 /* Products */;
			projectDirPath = "";
			projectRoot = "";
			targets = (
				63336C961D96815700D7F2A3 /* retro-calculator */,
			);
		};
/* End PBXProject section */

/* Begin PBXResourcesBuildPhase section */
		63336C951D96815700D7F2A3 /* Resources */ = {
			isa = PBXResourcesBuildPhase;
			buildActionMask = 2147483647;
			files = (
				63336CAF1D96D01500D7F2A3 /* btn.wav in Resources */,
				63336CA51D96815800D7F2A3 /* LaunchScreen.storyboard in Resources */,
				63336CA21D96815800D7F2A3 /* Assets.xcassets in Resources */,
				63336CAD1D9698FE00D7F2A3 /* Minecraft.ttf in Resources */,
				63336CA01D96815800D7F2A3 /* Main.storyboard in Resources */,
			);
			runOnlyForDeploymentPostprocessing = 0;
		};
/* End PBXResourcesBuildPhase section */

/* Begin PBXSourcesBuildPhase section */
		63336C931D96815700D7F2A3 /* Sources */ = {
			isa = PBXSourcesBuildPhase;
			buildActionMask = 2147483647;
			files = (
				63336C9D1D96815800D7F2A3 /* ViewController.swift in Sources */,
				63336C9B1D96815800D7F2A3 /* AppDelegate.swift in Sources */,
			);
			runOnlyForDeploymentPostprocessing = 0;
		};
/* End PBXSourcesBuildPhase section */

/* Begin PBXVariantGroup section */
		63336C9E1D96815800D7F2A3 /* Main.storyboard */ = {
			isa = PBXVariantGroup;
			children = (
				63336C9F1D96815800D7F2A3 /* Base */,
			);
			name = Main.storyboard;
			sourceTree = "<group>";
		};
		63336CA31D96815800D7F2A3 /* LaunchScreen.storyboard */ = {
			isa = PBXVariantGroup;
			children = (
				63336CA41D96815800D7F2A3 /* Base */,
			);
			name = LaunchScreen.storyboard;
			sourceTree = "<group>";
		};
/* End PBXVariantGroup section */

/* Begin XCBuildConfiguration section */
		63336CA71D96815800D7F2A3 /* Debug */ = {
			isa = XCBuildConfiguration;
			buildSettings = {
				ALWAYS_SEARCH_USER_PATHS = NO;
				CLANG_ANALYZER_NONNULL = YES;
				CLANG_CXX_LANGUAGE_STANDARD = "gnu++0x";
				CLANG_CXX_LIBRARY = "libc++";
				CLANG_ENABLE_MODULES = YES;
				CLANG_ENABLE_OBJC_ARC = YES;
				CLANG_WARN_BOOL_CONVERSION = YES;
				CLANG_WARN_CONSTANT_CONVERSION = YES;
				CLANG_WARN_DIRECT_OBJC_ISA_USAGE = YES_ERROR;
				CLANG_WARN_DOCUMENTATION_COMMENTS = YES;
				CLANG_WARN_EMPTY_BODY = YES;
				CLANG_WARN_ENUM_CONVERSION = YES;
				CLANG_WARN_INFINITE_RECURSION = YES;
				CLANG_WARN_INT_CONVERSION = YES;
				CLANG_WARN_OBJC_ROOT_CLASS = YES_ERROR;
				CLANG_WARN_SUSPICIOUS_MOVES = YES;
				CLANG_WARN_UNREACHABLE_CODE = YES;
				CLANG_WARN__DUPLICATE_METHOD_MATCH = YES;
				"CODE_SIGN_IDENTITY[sdk=iphoneos*]" = "iPhone Developer";
				COPY_PHASE_STRIP = NO;
				DEBUG_INFORMATION_FORMAT = dwarf;
				ENABLE_STRICT_OBJC_MSGSEND = YES;
				ENABLE_TESTABILITY = YES;
				GCC_C_LANGUAGE_STANDARD = gnu99;
				GCC_DYNAMIC_NO_PIC = NO;
				GCC_NO_COMMON_BLOCKS = YES;
				GCC_OPTIMIZATION_LEVEL = 0;
				GCC_PREPROCESSOR_DEFINITIONS = (
					"DEBUG=1",
					"$(inherited)",
				);
				GCC_WARN_64_TO_32_BIT_CONVERSION = YES;
				GCC_WARN_ABOUT_RETURN_TYPE = YES_ERROR;
				GCC_WARN_UNDECLARED_SELECTOR = YES;
				GCC_WARN_UNINITIALIZED_AUTOS = YES_AGGRESSIVE;
				GCC_WARN_UNUSED_FUNCTION = YES;
				GCC_WARN_UNUSED_VARIABLE = YES;
				IPHONEOS_DEPLOYMENT_TARGET = 9.3;
				MTL_ENABLE_DEBUG_INFO = YES;
				ONLY_ACTIVE_ARCH = YES;
				SDKROOT = iphoneos;
				SWIFT_ACTIVE_COMPILATION_CONDITIONS = DEBUG;
				SWIFT_OPTIMIZATION_LEVEL = "-Onone";
			};
			name = Debug;
		};
		63336CA81D96815800D7F2A3 /* Release */ = {
			isa = XCBuildConfiguration;
			buildSettings = {
				ALWAYS_SEARCH_USER_PATHS = NO;
				CLANG_ANALYZER_NONNULL = YES;
				CLANG_CXX_LANGUAGE_STANDARD = "gnu++0x";
				CLANG_CXX_LIBRARY = "libc++";
				CLANG_ENABLE_MODULES = YES;
				CLANG_ENABLE_OBJC_ARC = YES;
				CLANG_WARN_BOOL_CONVERSION = YES;
				CLANG_WARN_CONSTANT_CONVERSION = YES;
				CLANG_WARN_DIRECT_OBJC_ISA_USAGE = YES_ERROR;
				CLANG_WARN_DOCUMENTATION_COMMENTS = YES;
				CLANG_WARN_EMPTY_BODY = YES;
				CLANG_WARN_ENUM_CONVERSION = YES;
				CLANG_WARN_INFINITE_RECURSION = YES;
				CLANG_WARN_INT_CONVERSION = YES;
				CLANG_WARN_OBJC_ROOT_CLASS = YES_ERROR;
				CLANG_WARN_SUSPICIOUS_MOVES = YES;
				CLANG_WARN_UNREACHABLE_CODE = YES;
				CLANG_WARN__DUPLICATE_METHOD_MATCH = YES;
				"CODE_SIGN_IDENTITY[sdk=iphoneos*]" = "iPhone Developer";
				COPY_PHASE_STRIP = NO;
				DEBUG_INFORMATION_FORMAT = "dwarf-with-dsym";
				ENABLE_NS_ASSERTIONS = NO;
				ENABLE_STRICT_OBJC_MSGSEND = YES;
				GCC_C_LANGUAGE_STANDARD = gnu99;
				GCC_NO_COMMON_BLOCKS = YES;
				GCC_WARN_64_TO_32_BIT_CONVERSION = YES;
				GCC_WARN_ABOUT_RETURN_TYPE = YES_ERROR;
				GCC_WARN_UNDECLARED_SELECTOR = YES;
				GCC_WARN_UNINITIALIZED_AUTOS = YES_AGGRESSIVE;
				GCC_WARN_UNUSED_FUNCTION = YES;
				GCC_WARN_UNUSED_VARIABLE = YES;
				IPHONEOS_DEPLOYMENT_TARGET = 9.3;
				MTL_ENABLE_DEBUG_INFO = NO;
				SDKROOT = iphoneos;
				SWIFT_OPTIMIZATION_LEVEL = "-Owholemodule";
				VALIDATE_PRODUCT = YES;
			};
			name = Release;
		};
		63336CAA1D96815800D7F2A3 /* Debug */ = {
			isa = XCBuildConfiguration;
			buildSettings = {
				ASSETCATALOG_COMPILER_APPICON_NAME = AppIcon;
				INFOPLIST_FILE = "retro-calculator/Info.plist";
				IPHONEOS_DEPLOYMENT_TARGET = 10.1;
				LD_RUNPATH_SEARCH_PATHS = "$(inherited) @executable_path/Frameworks";
				PRODUCT_BUNDLE_IDENTIFIER = "Dianadianapinkberry.retro-calculator";
				PRODUCT_NAME = "$(TARGET_NAME)";
				SWIFT_VERSION = 3.0;
			};
			name = Debug;
		};
		63336CAB1D96815800D7F2A3 /* Release */ = {
			isa = XCBuildConfiguration;
			buildSettings = {
				ASSETCATALOG_COMPILER_APPICON_NAME = AppIcon;
				INFOPLIST_FILE = "retro-calculator/Info.plist";
				IPHONEOS_DEPLOYMENT_TARGET = 10.1;
				LD_RUNPATH_SEARCH_PATHS = "$(inherited) @executable_path/Frameworks";
				PRODUCT_BUNDLE_IDENTIFIER = "Dianadianapinkberry.retro-calculator";
				PRODUCT_NAME = "$(TARGET_NAME)";
				SWIFT_VERSION = 3.0;
			};
			name = Release;
		};
/* End XCBuildConfiguration section */

/* Begin XCConfigurationList section */
		63336C921D96815700D7F2A3 /* Build configuration list for PBXProject "retro-calculator" */ = {
			isa = XCConfigurationList;
			buildConfigurations = (
				63336CA71D96815800D7F2A3 /* Debug */,
				63336CA81D96815800D7F2A3 /* Release */,
			);
			defaultConfigurationIsVisible = 0;
			defaultConfigurationName = Release;
		};
		63336CA91D96815800D7F2A3 /* Build configuration list for PBXNativeTarget "retro-calculator" */ = {
			isa = XCConfigurationList;
			buildConfigurations = (
				63336CAA1D96815800D7F2A3 /* Debug */,
				63336CAB1D96815800D7F2A3 /* Release */,
			);
			defaultConfigurationIsVisible = 0;
			defaultConfigurationName = Release;
		};
/* End XCConfigurationList section */
	};
	rootObject = 63336C8F1D96815700D7F2A3 /* Project object */;
}
